
Microsoft Visual Studio Solution File, Format Version 12.00
# Visual Studio 15
VisualStudioVersion = 15.0.28010.2019
MinimumVisualStudioVersion = 10.0.40219.1
Project("{9A19103F-16F7-4668-BE54-9A1E7A4F7556}") = "Oceanic", "Oceanic\Oceanic.csproj", "{3DCB869F-0D98-44C7-806A-0C95ADE26DC8}"
EndProject
Project("{9A19103F-16F7-4668-BE54-9A1E7A4F7556}") = "Oceanic.Core", "Oceanic.Core\Oceanic.Core.csproj", "{C4C8A085-774C-4BC3-B5C2-E9609A0F15F5}"
EndProject
Project("{9A19103F-16F7-4668-BE54-9A1E7A4F7556}") = "Oceanic.Infrastructure", "Oceanic.Infrastructure\Oceanic.Infrastructure.csproj", "{D98D8AF8-8F7A-428B-8711-3CEEB3D7D80B}"
EndProject
Project("{9A19103F-16F7-4668-BE54-9A1E7A4F7556}") = "Oceanic.Test", "Oceanic.Test\Oceanic.Test.csproj", "{A0B3DA45-052B-40C9-A8F6-C2C5CC47B332}"
EndProject
Project("{FAE04EC0-301F-11D3-BF4B-00C04F79EFBC}") = "Oceanic.Common", "Oceanic.Common\Oceanic.Common.csproj", "{5A6A8E43-D4EB-4D16-858C-A990E5A0C76A}"
EndProject
Project("{FAE04EC0-301F-11D3-BF4B-00C04F79EFBC}") = "Oceanic.Services", "Oceanic.Services\Oceanic.Services.csproj", "{F66F449F-DF4C-41F4-A176-3DB044523A9C}"
EndProject
Global
	GlobalSection(SolutionConfigurationPlatforms) = preSolution
		Debug|Any CPU = Debug|Any CPU
		Release|Any CPU = Release|Any CPU
	EndGlobalSection
	GlobalSection(ProjectConfigurationPlatforms) = postSolution
		{3DCB869F-0D98-44C7-806A-0C95ADE26DC8}.Debug|Any CPU.ActiveCfg = Debug|Any CPU
		{3DCB869F-0D98-44C7-806A-0C95ADE26DC8}.Debug|Any CPU.Build.0 = Debug|Any CPU
		{3DCB869F-0D98-44C7-806A-0C95ADE26DC8}.Release|Any CPU.ActiveCfg = Release|Any CPU
		{3DCB869F-0D98-44C7-806A-0C95ADE26DC8}.Release|Any CPU.Build.0 = Release|Any CPU
		{C4C8A085-774C-4BC3-B5C2-E9609A0F15F5}.Debug|Any CPU.ActiveCfg = Debug|Any CPU
		{C4C8A085-774C-4BC3-B5C2-E9609A0F15F5}.Debug|Any CPU.Build.0 = Debug|Any CPU
		{C4C8A085-774C-4BC3-B5C2-E9609A0F15F5}.Release|Any CPU.ActiveCfg = Release|Any CPU
		{C4C8A085-774C-4BC3-B5C2-E9609A0F15F5}.Release|Any CPU.Build.0 = Release|Any CPU
		{D98D8AF8-8F7A-428B-8711-3CEEB3D7D80B}.Debug|Any CPU.ActiveCfg = Debug|Any CPU
		{D98D8AF8-8F7A-428B-8711-3CEEB3D7D80B}.Debug|Any CPU.Build.0 = Debug|Any CPU
		{D98D8AF8-8F7A-428B-8711-3CEEB3D7D80B}.Release|Any CPU.ActiveCfg = Release|Any CPU
		{D98D8AF8-8F7A-428B-8711-3CEEB3D7D80B}.Release|Any CPU.Build.0 = Release|Any CPU
		{A0B3DA45-052B-40C9-A8F6-C2C5CC47B332}.Debug|Any CPU.ActiveCfg = Debug|Any CPU
		{A0B3DA45-052B-40C9-A8F6-C2C5CC47B332}.Debug|Any CPU.Build.0 = Debug|Any CPU
		{A0B3DA45-052B-40C9-A8F6-C2C5CC47B332}.Release|Any CPU.ActiveCfg = Release|Any CPU
		{A0B3DA45-052B-40C9-A8F6-C2C5CC47B332}.Release|Any CPU.Build.0 = Release|Any CPU
		{5A6A8E43-D4EB-4D16-858C-A990E5A0C76A}.Debug|Any CPU.ActiveCfg = Debug|Any CPU
		{5A6A8E43-D4EB-4D16-858C-A990E5A0C76A}.Debug|Any CPU.Build.0 = Debug|Any CPU
		{5A6A8E43-D4EB-4D16-858C-A990E5A0C76A}.Release|Any CPU.ActiveCfg = Release|Any CPU
		{5A6A8E43-D4EB-4D16-858C-A990E5A0C76A}.Release|Any CPU.Build.0 = Release|Any CPU
		{F66F449F-DF4C-41F4-A176-3DB044523A9C}.Debug|Any CPU.ActiveCfg = Debug|Any CPU
		{F66F449F-DF4C-41F4-A176-3DB044523A9C}.Debug|Any CPU.Build.0 = Debug|Any CPU
		{F66F449F-DF4C-41F4-A176-3DB044523A9C}.Release|Any CPU.ActiveCfg = Release|Any CPU
		{F66F449F-DF4C-41F4-A176-3DB044523A9C}.Release|Any CPU.Build.0 = Release|Any CPU
	EndGlobalSection
	GlobalSection(SolutionProperties) = preSolution
		HideSolutionNode = FALSE
	EndGlobalSection
	GlobalSection(ExtensibilityGlobals) = postSolution
		SolutionGuid = {256EBA42-3402-4B16-AE83-DDCD1DED1B57}
	EndGlobalSection
EndGlobal
